Microsoft Visual Studio Solution File, Format Version 12.00
# Visual Studio 2012
Project("{FAE04EC0-301F-11D3-BF4B-00C04F79EFBC}") = "SecretProject", "SecretProject.csproj", "{9C0E3C48-C3E0-491D-A9B5-324AA7E1EB9A}"
EndProject
Global
	GlobalSection(SolutionConfigurationPlatforms) = preSolution
	Debug|Any CPU = Debug|Any CPU
	ExportDebug|Any CPU = ExportDebug|Any CPU
	ExportRelease|Any CPU = ExportRelease|Any CPU
	EndGlobalSection
	GlobalSection(ProjectConfigurationPlatforms) = postSolution
		{9C0E3C48-C3E0-491D-A9B5-324AA7E1EB9A}.Debug|Any CPU.ActiveCfg = Debug|Any CPU
		{9C0E3C48-C3E0-491D-A9B5-324AA7E1EB9A}.Debug|Any CPU.Build.0 = Debug|Any CPU
		{9C0E3C48-C3E0-491D-A9B5-324AA7E1EB9A}.ExportDebug|Any CPU.ActiveCfg = ExportDebug|Any CPU
		{9C0E3C48-C3E0-491D-A9B5-324AA7E1EB9A}.ExportDebug|Any CPU.Build.0 = ExportDebug|Any CPU
		{9C0E3C48-C3E0-491D-A9B5-324AA7E1EB9A}.ExportRelease|Any CPU.ActiveCfg = ExportRelease|Any CPU
		{9C0E3C48-C3E0-491D-A9B5-324AA7E1EB9A}.ExportRelease|Any CPU.Build.0 = ExportRelease|Any CPU
	EndGlobalSection
EndGlobal
